
Microsoft Visual Studio Solution File, Format Version 12.00
# Visual Studio Version 16
VisualStudioVersion = 16.0.29709.97
MinimumVisualStudioVersion = 10.0.40219.1
Project("{FAE04EC0-301F-11D3-BF4B-00C04F79EFBC}") = "Lab7_Regular_Expressions", "Lab7_Regular_Expressions\Lab7_Regular_Expressions.csproj", "{AC02C07C-2703-4CA9-8B28-B2880F468157}"
EndProject
Global
	GlobalSection(SolutionConfigurationPlatforms) = preSolution
		Debug|Any CPU = Debug|Any CPU
		Release|Any CPU = Release|Any CPU
	EndGlobalSection
	GlobalSection(ProjectConfigurationPlatforms) = postSolution
		{AC02C07C-2703-4CA9-8B28-B2880F468157}.Debug|Any CPU.ActiveCfg = Debug|Any CPU
		{AC02C07C-2703-4CA9-8B28-B2880F468157}.Debug|Any CPU.Build.0 = Debug|Any CPU
		{AC02C07C-2703-4CA9-8B28-B2880F468157}.Release|Any CPU.ActiveCfg = Release|Any CPU
		{AC02C07C-2703-4CA9-8B28-B2880F468157}.Release|Any CPU.Build.0 = Release|Any CPU
	EndGlobalSection
	GlobalSection(SolutionProperties) = preSolution
		HideSolutionNode = FALSE
	EndGlobalSection
	GlobalSection(ExtensibilityGlobals) = postSolution
		SolutionGuid = {73D114D1-467D-4039-89C6-9CF99AC54639}
	EndGlobalSection
EndGlobal
